// !$*UTF8*$!
{
	archiveVersion = 1;
	classes = {
	};
	objectVersion = 46;
	objects = {

/* Begin PBXAggregateTarget section */
		EFF47652340D4A9D9C8A747E /* ZERO_CHECK */ = {
			isa = PBXAggregateTarget;
			buildConfigurationList = 17926E4EDF8B413B8531E2DA /* Build configuration list for PBXAggregateTarget "ZERO_CHECK" */;
			buildPhases = (
				452DEF5D3E124B18A10E5EA9 /* CMake Rules */,
			);
			dependencies = (
			);
			name = ZERO_CHECK;
			productName = ZERO_CHECK;
		};
		FB088E12B80E4B4BB2CE5A94 /* ALL_BUILD */ = {
			isa = PBXAggregateTarget;
			buildConfigurationList = 3585B644BA4D4ECD98B1C8F3 /* Build configuration list for PBXAggregateTarget "ALL_BUILD" */;
			buildPhases = (
				27949FDB6F574BF483ED2912 /* CMake Rules */,
			);
			dependencies = (
				1A25B59E2E604B01B806ABA1 /* PBXTargetDependency */,
				18F03343DBBE41D4A66FBB2E /* PBXTargetDependency */,
			);
			name = ALL_BUILD;
			productName = ALL_BUILD;
		};
/* End PBXAggregateTarget section */

/* Begin PBXBuildFile section */
		21F55F9C075E45CDA6CFFDA2 /* /Users/KrazyK/Documents/Udacity/CarND-Extended-Kalman-Filter/CarND-Extended-Kalman-Filter-Project/src/main.cpp */ = {isa = PBXBuildFile; fileRef = 8B1E36518D7249D8B111CA9A /* /Users/KrazyK/Documents/Udacity/CarND-Extended-Kalman-Filter/CarND-Extended-Kalman-Filter-Project/src/main.cpp */; };
		3C8EE1A1489749709DE3F35A /* /Users/KrazyK/Documents/Udacity/CarND-Extended-Kalman-Filter/CarND-Extended-Kalman-Filter-Project/src/tools.h */ = {isa = PBXBuildFile; fileRef = 781CF9F0E94B4DD886175F24 /* /Users/KrazyK/Documents/Udacity/CarND-Extended-Kalman-Filter/CarND-Extended-Kalman-Filter-Project/src/tools.h */; };
		446B10F5BF264CF99A3F032F /* /Users/KrazyK/Documents/Udacity/CarND-Extended-Kalman-Filter/CarND-Extended-Kalman-Filter-Project/src/FusionEKF.cpp */ = {isa = PBXBuildFile; fileRef = 037C2DD977CF4A9ABF2F62DE /* /Users/KrazyK/Documents/Udacity/CarND-Extended-Kalman-Filter/CarND-Extended-Kalman-Filter-Project/src/FusionEKF.cpp */; };
		459FB44A637C4AEE99F0F1E9 /* /Users/KrazyK/Documents/Udacity/CarND-Extended-Kalman-Filter/CarND-Extended-Kalman-Filter-Project/src/tools.cpp */ = {isa = PBXBuildFile; fileRef = FD007B7582174D4B9D8D4837 /* /Users/KrazyK/Documents/Udacity/CarND-Extended-Kalman-Filter/CarND-Extended-Kalman-Filter-Project/src/tools.cpp */; };
		6774CAB19BCE4CCBA42A0929 /* /Users/KrazyK/Documents/Udacity/CarND-Extended-Kalman-Filter/CarND-Extended-Kalman-Filter-Project/CMakeLists.txt */ = {isa = PBXBuildFile; fileRef = F47E84F4AFBD4EA2A2D84916 /* /Users/KrazyK/Documents/Udacity/CarND-Extended-Kalman-Filter/CarND-Extended-Kalman-Filter-Project/CMakeLists.txt */; };
		A13D6B08BD4E419C81AE3703 /* /Users/KrazyK/Documents/Udacity/CarND-Extended-Kalman-Filter/CarND-Extended-Kalman-Filter-Project/src/FusionEKF.h */ = {isa = PBXBuildFile; fileRef = 1F76637FE8F2462A8BE89D21 /* /Users/KrazyK/Documents/Udacity/CarND-Extended-Kalman-Filter/CarND-Extended-Kalman-Filter-Project/src/FusionEKF.h */; };
		B024682E1D77418ABE8B3F34 /* /Users/KrazyK/Documents/Udacity/CarND-Extended-Kalman-Filter/CarND-Extended-Kalman-Filter-Project/src/kalman_filter.h */ = {isa = PBXBuildFile; fileRef = BCB601C685A3444C901F4BA7 /* /Users/KrazyK/Documents/Udacity/CarND-Extended-Kalman-Filter/CarND-Extended-Kalman-Filter-Project/src/kalman_filter.h */; };
		DB8B59DCBAD642878A6402F1 /* /Users/KrazyK/Documents/Udacity/CarND-Extended-Kalman-Filter/CarND-Extended-Kalman-Filter-Project/src/kalman_filter.cpp */ = {isa = PBXBuildFile; fileRef = 3058290DB63D47E3A702B4F1 /* /Users/KrazyK/Documents/Udacity/CarND-Extended-Kalman-Filter/CarND-Extended-Kalman-Filter-Project/src/kalman_filter.cpp */; };
/* End PBXBuildFile section */

/* Begin PBXBuildStyle section */
		165F1167FF44480B8D9BD447 /* MinSizeRel */ = {
			isa = PBXBuildStyle;
			buildSettings = {
				COPY_PHASE_STRIP = NO;
			};
			name = MinSizeRel;
		};
		213E5C869F7F4C788B5A2970 /* Debug */ = {
			isa = PBXBuildStyle;
			buildSettings = {
				COPY_PHASE_STRIP = NO;
			};
			name = Debug;
		};
		360A897DC6774C459404C296 /* RelWithDebInfo */ = {
			isa = PBXBuildStyle;
			buildSettings = {
				COPY_PHASE_STRIP = NO;
			};
			name = RelWithDebInfo;
		};
		D78832DF502246F2AA387F1E = {
			isa = PBXBuildStyle;
		};
		F98905328F924365884F60EF /* Release */ = {
			isa = PBXBuildStyle;
			buildSettings = {
				COPY_PHASE_STRIP = NO;
			};
			name = Release;
		};
/* End PBXBuildStyle section */

/* Begin PBXContainerItemProxy section */
		29A2D00388E24242BBB5833D /* PBXContainerItemProxy */ = {
			isa = PBXContainerItemProxy;
			containerPortal = 8F32B80BA2D04A49BCE1046F /* Project object */;
			proxyType = 1;
			remoteGlobalIDString = EFF47652340D4A9D9C8A747E;
			remoteInfo = ZERO_CHECK;
		};
		CB9D9578E6B44E9F83BAF27B /* PBXContainerItemProxy */ = {
			isa = PBXContainerItemProxy;
			containerPortal = 8F32B80BA2D04A49BCE1046F /* Project object */;
			proxyType = 1;
			remoteGlobalIDString = 6EDF11FF5C2248B6BDECDFC4;
			remoteInfo = ExtendedKF;
		};
		F8119504789C4E54A2E45EBC /* PBXContainerItemProxy */ = {
			isa = PBXContainerItemProxy;
			containerPortal = 8F32B80BA2D04A49BCE1046F /* Project object */;
			proxyType = 1;
			remoteGlobalIDString = EFF47652340D4A9D9C8A747E;
			remoteInfo = ZERO_CHECK;
		};
/* End PBXContainerItemProxy section */

/* Begin PBXFileReference section */
		037C2DD977CF4A9ABF2F62DE /* /Users/KrazyK/Documents/Udacity/CarND-Extended-Kalman-Filter/CarND-Extended-Kalman-Filter-Project/src/FusionEKF.cpp */ = {isa = PBXFileReference; explicitFileType = sourcecode.cpp.cpp; fileEncoding = 4; name = FusionEKF.cpp; path = src/FusionEKF.cpp; sourceTree = SOURCE_ROOT; };
		09EC51D88FFA401393FC89B2 /* ExtendedKF */ = {isa = PBXFileReference; explicitFileType = "compiled.mach-o.executable"; path = ExtendedKF; sourceTree = BUILT_PRODUCTS_DIR; };
		1F76637FE8F2462A8BE89D21 /* /Users/KrazyK/Documents/Udacity/CarND-Extended-Kalman-Filter/CarND-Extended-Kalman-Filter-Project/src/FusionEKF.h */ = {isa = PBXFileReference; explicitFileType = sourcecode.c.h; fileEncoding = 4; name = FusionEKF.h; path = src/FusionEKF.h; sourceTree = SOURCE_ROOT; };
		3058290DB63D47E3A702B4F1 /* /Users/KrazyK/Documents/Udacity/CarND-Extended-Kalman-Filter/CarND-Extended-Kalman-Filter-Project/src/kalman_filter.cpp */ = {isa = PBXFileReference; explicitFileType = sourcecode.cpp.cpp; fileEncoding = 4; name = kalman_filter.cpp; path = src/kalman_filter.cpp; sourceTree = SOURCE_ROOT; };
		4A21676E52124F63907B7FDB /* /Users/KrazyK/Documents/Udacity/CarND-Extended-Kalman-Filter/CarND-Extended-Kalman-Filter-Project/CMakeLists.txt */ = {isa = PBXFileReference; explicitFileType = sourcecode.text; fileEncoding = 4; name = CMakeLists.txt; path = CMakeLists.txt; sourceTree = SOURCE_ROOT; };
		781CF9F0E94B4DD886175F24 /* /Users/KrazyK/Documents/Udacity/CarND-Extended-Kalman-Filter/CarND-Extended-Kalman-Filter-Project/src/tools.h */ = {isa = PBXFileReference; explicitFileType = sourcecode.c.h; fileEncoding = 4; name = tools.h; path = src/tools.h; sourceTree = SOURCE_ROOT; };
		8B1E36518D7249D8B111CA9A /* /Users/KrazyK/Documents/Udacity/CarND-Extended-Kalman-Filter/CarND-Extended-Kalman-Filter-Project/src/main.cpp */ = {isa = PBXFileReference; explicitFileType = sourcecode.cpp.cpp; fileEncoding = 4; name = main.cpp; path = src/main.cpp; sourceTree = SOURCE_ROOT; };
		8DA1334CFC074450873BC3D9 /* /Users/KrazyK/Documents/Udacity/CarND-Extended-Kalman-Filter/CarND-Extended-Kalman-Filter-Project/CMakeLists.txt */ = {isa = PBXFileReference; explicitFileType = sourcecode.text; fileEncoding = 4; name = CMakeLists.txt; path = CMakeLists.txt; sourceTree = SOURCE_ROOT; };
		BCB601C685A3444C901F4BA7 /* /Users/KrazyK/Documents/Udacity/CarND-Extended-Kalman-Filter/CarND-Extended-Kalman-Filter-Project/src/kalman_filter.h */ = {isa = PBXFileReference; explicitFileType = sourcecode.c.h; fileEncoding = 4; name = kalman_filter.h; path = src/kalman_filter.h; sourceTree = SOURCE_ROOT; };
		F47E84F4AFBD4EA2A2D84916 /* /Users/KrazyK/Documents/Udacity/CarND-Extended-Kalman-Filter/CarND-Extended-Kalman-Filter-Project/CMakeLists.txt */ = {isa = PBXFileReference; explicitFileType = sourcecode.text; fileEncoding = 4; name = CMakeLists.txt; path = CMakeLists.txt; sourceTree = SOURCE_ROOT; };
		FD007B7582174D4B9D8D4837 /* /Users/KrazyK/Documents/Udacity/CarND-Extended-Kalman-Filter/CarND-Extended-Kalman-Filter-Project/src/tools.cpp */ = {isa = PBXFileReference; explicitFileType = sourcecode.cpp.cpp; fileEncoding = 4; name = tools.cpp; path = src/tools.cpp; sourceTree = SOURCE_ROOT; };
/* End PBXFileReference section */

/* Begin PBXGroup section */
		2B02F10B4A024B3ABC150FEB /* Header Files */ = {
			isa = PBXGroup;
			children = (
				1F76637FE8F2462A8BE89D21 /* /Users/KrazyK/Documents/Udacity/CarND-Extended-Kalman-Filter/CarND-Extended-Kalman-Filter-Project/src/FusionEKF.h */,
				BCB601C685A3444C901F4BA7 /* /Users/KrazyK/Documents/Udacity/CarND-Extended-Kalman-Filter/CarND-Extended-Kalman-Filter-Project/src/kalman_filter.h */,
				781CF9F0E94B4DD886175F24 /* /Users/KrazyK/Documents/Udacity/CarND-Extended-Kalman-Filter/CarND-Extended-Kalman-Filter-Project/src/tools.h */,
			);
			name = "Header Files";
			sourceTree = "<group>";
		};
		589A16A114AF43CDB7C73D35 /* ExtendedKF */ = {
			isa = PBXGroup;
			children = (
				8BCB20D2BEE549418A7317F1 /* Source Files */,
				2B02F10B4A024B3ABC150FEB /* Header Files */,
				F47E84F4AFBD4EA2A2D84916 /* /Users/KrazyK/Documents/Udacity/CarND-Extended-Kalman-Filter/CarND-Extended-Kalman-Filter-Project/CMakeLists.txt */,
			);
			name = ExtendedKF;
			sourceTree = "<group>";
		};
		651982D17D28402EA06C1B1F = {
			isa = PBXGroup;
			children = (
				8FC806C59CAE4DD7AC126D83 /* Sources */,
				A26D778B761F4679AC074813 /* Resources */,
				8D9E4C5696234CFF981B4FDE /* Products */,
			);
			sourceTree = "<group>";
		};
		8BCB20D2BEE549418A7317F1 /* Source Files */ = {
			isa = PBXGroup;
			children = (
				037C2DD977CF4A9ABF2F62DE /* /Users/KrazyK/Documents/Udacity/CarND-Extended-Kalman-Filter/CarND-Extended-Kalman-Filter-Project/src/FusionEKF.cpp */,
				3058290DB63D47E3A702B4F1 /* /Users/KrazyK/Documents/Udacity/CarND-Extended-Kalman-Filter/CarND-Extended-Kalman-Filter-Project/src/kalman_filter.cpp */,
				8B1E36518D7249D8B111CA9A /* /Users/KrazyK/Documents/Udacity/CarND-Extended-Kalman-Filter/CarND-Extended-Kalman-Filter-Project/src/main.cpp */,
				FD007B7582174D4B9D8D4837 /* /Users/KrazyK/Documents/Udacity/CarND-Extended-Kalman-Filter/CarND-Extended-Kalman-Filter-Project/src/tools.cpp */,
			);
			name = "Source Files";
			sourceTree = "<group>";
		};
		8D9E4C5696234CFF981B4FDE /* Products */ = {
			isa = PBXGroup;
			children = (
				09EC51D88FFA401393FC89B2 /* ExtendedKF */,
			);
			name = Products;
			sourceTree = "<group>";
		};
		8FC806C59CAE4DD7AC126D83 /* Sources */ = {
			isa = PBXGroup;
			children = (
				589A16A114AF43CDB7C73D35 /* ExtendedKF */,
				E7B54BD425B449A8A750AD6B /* ALL_BUILD */,
				D996864FDC144DA69D9A455B /* ZERO_CHECK */,
			);
			name = Sources;
			sourceTree = "<group>";
		};
		9495BC8D731E465799E8D8DB /* CMake Rules */ = {
			isa = PBXGroup;
			children = (
			);
			name = "CMake Rules";
			sourceTree = "<group>";
		};
		A26D778B761F4679AC074813 /* Resources */ = {
			isa = PBXGroup;
			children = (
			);
			name = Resources;
			sourceTree = "<group>";
		};
		D996864FDC144DA69D9A455B /* ZERO_CHECK */ = {
			isa = PBXGroup;
			children = (
				9495BC8D731E465799E8D8DB /* CMake Rules */,
				4A21676E52124F63907B7FDB /* /Users/KrazyK/Documents/Udacity/CarND-Extended-Kalman-Filter/CarND-Extended-Kalman-Filter-Project/CMakeLists.txt */,
			);
			name = ZERO_CHECK;
			sourceTree = "<group>";
		};
		DBF65C0BF7DF4E63A46B661D /* CMake Rules */ = {
			isa = PBXGroup;
			children = (
			);
			name = "CMake Rules";
			sourceTree = "<group>";
		};
		E7B54BD425B449A8A750AD6B /* ALL_BUILD */ = {
			isa = PBXGroup;
			children = (
				DBF65C0BF7DF4E63A46B661D /* CMake Rules */,
				8DA1334CFC074450873BC3D9 /* /Users/KrazyK/Documents/Udacity/CarND-Extended-Kalman-Filter/CarND-Extended-Kalman-Filter-Project/CMakeLists.txt */,
			);
			name = ALL_BUILD;
			sourceTree = "<group>";
		};
/* End PBXGroup section */

/* Begin PBXNativeTarget section */
		6EDF11FF5C2248B6BDECDFC4 /* ExtendedKF */ = {
			isa = PBXNativeTarget;
			buildConfigurationList = 029CE6C067FA41AFB8018CAE /* Build configuration list for PBXNativeTarget "ExtendedKF" */;
			buildPhases = (
				C635729EDCD74B64812EF117 /* Sources */,
			);
			buildRules = (
			);
			dependencies = (
				C0E58323152747A9AB4F29F8 /* PBXTargetDependency */,
			);
			name = ExtendedKF;
			productName = ExtendedKF;
			productReference = 09EC51D88FFA401393FC89B2 /* ExtendedKF */;
			productType = "com.apple.product-type.tool";
		};
/* End PBXNativeTarget section */

/* Begin PBXProject section */
		8F32B80BA2D04A49BCE1046F /* Project object */ = {
			isa = PBXProject;
			attributes = {
				BuildIndependentTargetsInParallel = YES;
				LastUpgradeCheck = 0830;
			};
			buildConfigurationList = 6AC7F3EFBB69451EAF1B38A0 /* Build configuration list for PBXProject "ExtendedKF" */;
			buildSettings = {
			};
			buildStyles = (
				213E5C869F7F4C788B5A2970 /* Debug */,
				F98905328F924365884F60EF /* Release */,
				165F1167FF44480B8D9BD447 /* MinSizeRel */,
				360A897DC6774C459404C296 /* RelWithDebInfo */,
			);
			compatibilityVersion = "Xcode 3.2";
			hasScannedForEncodings = 0;
			mainGroup = 651982D17D28402EA06C1B1F;
			projectDirPath = ../../;
			projectRoot = "";
			targets = (
				FB088E12B80E4B4BB2CE5A94 /* ALL_BUILD */,
				6EDF11FF5C2248B6BDECDFC4 /* ExtendedKF */,
				EFF47652340D4A9D9C8A747E /* ZERO_CHECK */,
			);
		};
/* End PBXProject section */

/* Begin PBXShellScriptBuildPhase section */
		27949FDB6F574BF483ED2912 /* CMake Rules */ = {
			isa = PBXShellScriptBuildPhase;
			buildActionMask = 2147483647;
			files = (
			);
			name = "CMake Rules";
			runOnlyForDeploymentPostprocessing = 0;
			shellPath = /bin/sh;
			shellScript = "make -C /Users/KrazyK/Documents/Udacity/CarND-Extended-Kalman-Filter/CarND-Extended-Kalman-Filter-Project/ide_profiles/xcode -f /Users/KrazyK/Documents/Udacity/CarND-Extended-Kalman-Filter/CarND-Extended-Kalman-Filter-Project/ide_profiles/xcode/CMakeScripts/ALL_BUILD_cmakeRulesBuildPhase.make$CONFIGURATION all";
			showEnvVarsInLog = 0;
		};
		452DEF5D3E124B18A10E5EA9 /* CMake Rules */ = {
			isa = PBXShellScriptBuildPhase;
			buildActionMask = 2147483647;
			files = (
			);
			name = "CMake Rules";
			runOnlyForDeploymentPostprocessing = 0;
			shellPath = /bin/sh;
			shellScript = "make -C /Users/KrazyK/Documents/Udacity/CarND-Extended-Kalman-Filter/CarND-Extended-Kalman-Filter-Project/ide_profiles/xcode -f /Users/KrazyK/Documents/Udacity/CarND-Extended-Kalman-Filter/CarND-Extended-Kalman-Filter-Project/ide_profiles/xcode/CMakeScripts/ZERO_CHECK_cmakeRulesBuildPhase.make$CONFIGURATION all";
			showEnvVarsInLog = 0;
		};
		A38D35C6EB294372B8C3CE8E = {
			isa = PBXShellScriptBuildPhase;
			buildActionMask = 2147483647;
			files = (
			);
			inputPaths = (
			);
			outputPaths = (
			);
			runOnlyForDeploymentPostprocessing = 0;
			shellPath = /bin/sh;
			shellScript = "# shell script goes here
exit 0";
			showEnvVarsInLog = 0;
		};
		C134E48E60B645BB92F9F92F = {
			isa = PBXShellScriptBuildPhase;
			buildActionMask = 2147483647;
			files = (
			);
			inputPaths = (
			);
			outputPaths = (
			);
			runOnlyForDeploymentPostprocessing = 0;
			shellPath = /bin/sh;
			shellScript = "# shell script goes here
exit 0";
			showEnvVarsInLog = 0;
		};
/* End PBXShellScriptBuildPhase section */

/* Begin PBXSourcesBuildPhase section */
		C635729EDCD74B64812EF117 /* Sources */ = {
			isa = PBXSourcesBuildPhase;
			buildActionMask = 2147483647;
			files = (
				446B10F5BF264CF99A3F032F /* /Users/KrazyK/Documents/Udacity/CarND-Extended-Kalman-Filter/CarND-Extended-Kalman-Filter-Project/src/FusionEKF.cpp */,
				DB8B59DCBAD642878A6402F1 /* /Users/KrazyK/Documents/Udacity/CarND-Extended-Kalman-Filter/CarND-Extended-Kalman-Filter-Project/src/kalman_filter.cpp */,
				21F55F9C075E45CDA6CFFDA2 /* /Users/KrazyK/Documents/Udacity/CarND-Extended-Kalman-Filter/CarND-Extended-Kalman-Filter-Project/src/main.cpp */,
				459FB44A637C4AEE99F0F1E9 /* /Users/KrazyK/Documents/Udacity/CarND-Extended-Kalman-Filter/CarND-Extended-Kalman-Filter-Project/src/tools.cpp */,
			);
			runOnlyForDeploymentPostprocessing = 0;
		};
/* End PBXSourcesBuildPhase section */

/* Begin PBXTargetDependency section */
		18F03343DBBE41D4A66FBB2E /* PBXTargetDependency */ = {
			isa = PBXTargetDependency;
			target = EFF47652340D4A9D9C8A747E /* ZERO_CHECK */;
			targetProxy = 29A2D00388E24242BBB5833D /* PBXContainerItemProxy */;
		};
		1A25B59E2E604B01B806ABA1 /* PBXTargetDependency */ = {
			isa = PBXTargetDependency;
			target = 6EDF11FF5C2248B6BDECDFC4 /* ExtendedKF */;
			targetProxy = CB9D9578E6B44E9F83BAF27B /* PBXContainerItemProxy */;
		};
		C0E58323152747A9AB4F29F8 /* PBXTargetDependency */ = {
			isa = PBXTargetDependency;
			target = EFF47652340D4A9D9C8A747E /* ZERO_CHECK */;
			targetProxy = F8119504789C4E54A2E45EBC /* PBXContainerItemProxy */;
		};
/* End PBXTargetDependency section */

/* Begin XCBuildConfiguration section */
		0FC89DC46E4947E18BBCFADB /* Release */ = {
			isa = XCBuildConfiguration;
			buildSettings = {
				COMBINE_HIDPI_IMAGES = YES;
				EXECUTABLE_PREFIX = "";
				EXECUTABLE_SUFFIX = "";
				GCC_GENERATE_DEBUGGING_SYMBOLS = NO;
				GCC_INLINES_ARE_PRIVATE_EXTERN = NO;
				GCC_OPTIMIZATION_LEVEL = 3;
				GCC_PREPROCESSOR_DEFINITIONS = ("'CMAKE_INTDIR=\"$(CONFIGURATION)$(EFFECTIVE_PLATFORM_NAME)\"'");
				GCC_SYMBOLS_PRIVATE_EXTERN = NO;
				HEADER_SEARCH_PATHS = (/usr/local/include,/usr/local/opt/openssl/include);
				INSTALL_PATH = "";
				LD_RUNPATH_SEARCH_PATHS = "/usr/local/lib /usr/local/opt/openssl/lib /usr/local/Cellar/libuv/1.11.0/lib";
				LIBRARY_SEARCH_PATHS = " /usr/local/lib/$(CONFIGURATION)$(EFFECTIVE_PLATFORM_NAME) /usr/local/lib /usr/local/opt/openssl/lib/$(CONFIGURATION)$(EFFECTIVE_PLATFORM_NAME) /usr/local/opt/openssl/lib /usr/local/Cellar/libuv/1.11.0/lib/$(CONFIGURATION)$(EFFECTIVE_PLATFORM_NAME) /usr/local/Cellar/libuv/1.11.0/lib";
				OTHER_CPLUSPLUSFLAGS = "    -DNDEBUG -I/usr/local/include -I/usr/local/opt/openssl/include    -std=c++11";
				OTHER_LDFLAGS = " -Wl,-search_paths_first -Wl,-headerpad_max_install_names  -lz -lssl -luv -luWS";
				OTHER_REZFLAGS = "";
				PRODUCT_NAME = ExtendedKF;
				SECTORDER_FLAGS = "";
				SYMROOT = "/Users/KrazyK/Documents/Udacity/CarND-Extended-Kalman-Filter/CarND-Extended-Kalman-Filter-Project/ide_profiles/xcode";
				USE_HEADERMAP = NO;
				WARNING_CFLAGS = ("-Wmost","-Wno-four-char-constants","-Wno-unknown-pragmas","$(inherited)");
			};
			name = Release;
		};
		1F54E0CD678846FF85A869C6 /* MinSizeRel */ = {
			isa = XCBuildConfiguration;
			buildSettings = {
				COMBINE_HIDPI_IMAGES = YES;
				EXECUTABLE_PREFIX = "";
				EXECUTABLE_SUFFIX = "";
				GCC_GENERATE_DEBUGGING_SYMBOLS = NO;
				GCC_INLINES_ARE_PRIVATE_EXTERN = NO;
				GCC_OPTIMIZATION_LEVEL = s;
				GCC_PREPROCESSOR_DEFINITIONS = ("'CMAKE_INTDIR=\"$(CONFIGURATION)$(EFFECTIVE_PLATFORM_NAME)\"'");
				GCC_SYMBOLS_PRIVATE_EXTERN = NO;
				HEADER_SEARCH_PATHS = (/usr/local/include,/usr/local/opt/openssl/include);
				INSTALL_PATH = "";
				LD_RUNPATH_SEARCH_PATHS = "/usr/local/lib /usr/local/opt/openssl/lib /usr/local/Cellar/libuv/1.11.0/lib";
				LIBRARY_SEARCH_PATHS = " /usr/local/lib/$(CONFIGURATION)$(EFFECTIVE_PLATFORM_NAME) /usr/local/lib /usr/local/opt/openssl/lib/$(CONFIGURATION)$(EFFECTIVE_PLATFORM_NAME) /usr/local/opt/openssl/lib /usr/local/Cellar/libuv/1.11.0/lib/$(CONFIGURATION)$(EFFECTIVE_PLATFORM_NAME) /usr/local/Cellar/libuv/1.11.0/lib";
				OTHER_CPLUSPLUSFLAGS = "    -DNDEBUG -I/usr/local/include -I/usr/local/opt/openssl/include    -std=c++11";
				OTHER_LDFLAGS = " -Wl,-search_paths_first -Wl,-headerpad_max_install_names  -lz -lssl -luv -luWS";
				OTHER_REZFLAGS = "";
				PRODUCT_NAME = ExtendedKF;
				SECTORDER_FLAGS = "";
				SYMROOT = "/Users/KrazyK/Documents/Udacity/CarND-Extended-Kalman-Filter/CarND-Extended-Kalman-Filter-Project/ide_profiles/xcode";
				USE_HEADERMAP = NO;
				WARNING_CFLAGS = ("-Wmost","-Wno-four-char-constants","-Wno-unknown-pragmas","$(inherited)");
			};
			name = MinSizeRel;
		};
		24F0F0140542479FBBE409EC /* Release */ = {
			isa = XCBuildConfiguration;
			buildSettings = {
				COMBINE_HIDPI_IMAGES = YES;
				GCC_GENERATE_DEBUGGING_SYMBOLS = YES;
				GCC_INLINES_ARE_PRIVATE_EXTERN = NO;
				GCC_OPTIMIZATION_LEVEL = 0;
				GCC_PREPROCESSOR_DEFINITIONS = ("'CMAKE_INTDIR=\"$(CONFIGURATION)$(EFFECTIVE_PLATFORM_NAME)\"'");
				GCC_SYMBOLS_PRIVATE_EXTERN = NO;
				HEADER_SEARCH_PATHS = (/usr/local/include,/usr/local/opt/openssl/include);
				INSTALL_PATH = "";
				OTHER_LDFLAGS = " ";
				OTHER_REZFLAGS = "";
				PRODUCT_NAME = ZERO_CHECK;
				SECTORDER_FLAGS = "";
				SYMROOT = "/Users/KrazyK/Documents/Udacity/CarND-Extended-Kalman-Filter/CarND-Extended-Kalman-Filter-Project/ide_profiles/xcode";
				USE_HEADERMAP = NO;
				WARNING_CFLAGS = ("-Wmost","-Wno-four-char-constants","-Wno-unknown-pragmas","$(inherited)");
			};
			name = Release;
		};
		379CEE1F03004F94A2601AB1 /* MinSizeRel */ = {
			isa = XCBuildConfiguration;
			buildSettings = {
				COMBINE_HIDPI_IMAGES = YES;
				GCC_GENERATE_DEBUGGING_SYMBOLS = YES;
				GCC_INLINES_ARE_PRIVATE_EXTERN = NO;
				GCC_OPTIMIZATION_LEVEL = 0;
				GCC_PREPROCESSOR_DEFINITIONS = ("'CMAKE_INTDIR=\"$(CONFIGURATION)$(EFFECTIVE_PLATFORM_NAME)\"'");
				GCC_SYMBOLS_PRIVATE_EXTERN = NO;
				HEADER_SEARCH_PATHS = (/usr/local/include,/usr/local/opt/openssl/include);
				INSTALL_PATH = "";
				OTHER_LDFLAGS = " ";
				OTHER_REZFLAGS = "";
				PRODUCT_NAME = ALL_BUILD;
				SECTORDER_FLAGS = "";
				SYMROOT = "/Users/KrazyK/Documents/Udacity/CarND-Extended-Kalman-Filter/CarND-Extended-Kalman-Filter-Project/ide_profiles/xcode";
				USE_HEADERMAP = NO;
				WARNING_CFLAGS = ("-Wmost","-Wno-four-char-constants","-Wno-unknown-pragmas","$(inherited)");
			};
			name = MinSizeRel;
		};
		3C0D57AE0E8E41A7B73D159A /* RelWithDebInfo */ = {
			isa = XCBuildConfiguration;
			buildSettings = {
				COMBINE_HIDPI_IMAGES = YES;
				EXECUTABLE_PREFIX = "";
				EXECUTABLE_SUFFIX = "";
				GCC_GENERATE_DEBUGGING_SYMBOLS = YES;
				GCC_INLINES_ARE_PRIVATE_EXTERN = NO;
				GCC_OPTIMIZATION_LEVEL = 2;
				GCC_PREPROCESSOR_DEFINITIONS = ("'CMAKE_INTDIR=\"$(CONFIGURATION)$(EFFECTIVE_PLATFORM_NAME)\"'");
				GCC_SYMBOLS_PRIVATE_EXTERN = NO;
				HEADER_SEARCH_PATHS = (/usr/local/include,/usr/local/opt/openssl/include);
				INSTALL_PATH = "";
				LD_RUNPATH_SEARCH_PATHS = "/usr/local/lib /usr/local/opt/openssl/lib /usr/local/Cellar/libuv/1.11.0/lib";
				LIBRARY_SEARCH_PATHS = " /usr/local/lib/$(CONFIGURATION)$(EFFECTIVE_PLATFORM_NAME) /usr/local/lib /usr/local/opt/openssl/lib/$(CONFIGURATION)$(EFFECTIVE_PLATFORM_NAME) /usr/local/opt/openssl/lib /usr/local/Cellar/libuv/1.11.0/lib/$(CONFIGURATION)$(EFFECTIVE_PLATFORM_NAME) /usr/local/Cellar/libuv/1.11.0/lib";
				OTHER_CPLUSPLUSFLAGS = "       -DNDEBUG -I/usr/local/include -I/usr/local/opt/openssl/include    -std=c++11";
				OTHER_LDFLAGS = " -Wl,-search_paths_first -Wl,-headerpad_max_install_names  -lz -lssl -luv -luWS";
				OTHER_REZFLAGS = "";
				PRODUCT_NAME = ExtendedKF;
				SECTORDER_FLAGS = "";
				SYMROOT = "/Users/KrazyK/Documents/Udacity/CarND-Extended-Kalman-Filter/CarND-Extended-Kalman-Filter-Project/ide_profiles/xcode";
				USE_HEADERMAP = NO;
				WARNING_CFLAGS = ("-Wmost","-Wno-four-char-constants","-Wno-unknown-pragmas","$(inherited)");
			};
			name = RelWithDebInfo;
		};
		51B509C83B6B462A8ED0B3EF /* RelWithDebInfo */ = {
			isa = XCBuildConfiguration;
			buildSettings = {
				COMBINE_HIDPI_IMAGES = YES;
				GCC_GENERATE_DEBUGGING_SYMBOLS = YES;
				GCC_INLINES_ARE_PRIVATE_EXTERN = NO;
				GCC_OPTIMIZATION_LEVEL = 0;
				GCC_PREPROCESSOR_DEFINITIONS = ("'CMAKE_INTDIR=\"$(CONFIGURATION)$(EFFECTIVE_PLATFORM_NAME)\"'");
				GCC_SYMBOLS_PRIVATE_EXTERN = NO;
				HEADER_SEARCH_PATHS = (/usr/local/include,/usr/local/opt/openssl/include);
				INSTALL_PATH = "";
				OTHER_LDFLAGS = " ";
				OTHER_REZFLAGS = "";
				PRODUCT_NAME = ZERO_CHECK;
				SECTORDER_FLAGS = "";
				SYMROOT = "/Users/KrazyK/Documents/Udacity/CarND-Extended-Kalman-Filter/CarND-Extended-Kalman-Filter-Project/ide_profiles/xcode";
				USE_HEADERMAP = NO;
				WARNING_CFLAGS = ("-Wmost","-Wno-four-char-constants","-Wno-unknown-pragmas","$(inherited)");
			};
			name = RelWithDebInfo;
		};
		771E017903F545C797512950 /* Release */ = {
			isa = XCBuildConfiguration;
			buildSettings = {
				COMBINE_HIDPI_IMAGES = YES;
				GCC_GENERATE_DEBUGGING_SYMBOLS = YES;
				GCC_INLINES_ARE_PRIVATE_EXTERN = NO;
				GCC_OPTIMIZATION_LEVEL = 0;
				GCC_PREPROCESSOR_DEFINITIONS = ("'CMAKE_INTDIR=\"$(CONFIGURATION)$(EFFECTIVE_PLATFORM_NAME)\"'");
				GCC_SYMBOLS_PRIVATE_EXTERN = NO;
				HEADER_SEARCH_PATHS = (/usr/local/include,/usr/local/opt/openssl/include);
				INSTALL_PATH = "";
				OTHER_LDFLAGS = " ";
				OTHER_REZFLAGS = "";
				PRODUCT_NAME = ALL_BUILD;
				SECTORDER_FLAGS = "";
				SYMROOT = "/Users/KrazyK/Documents/Udacity/CarND-Extended-Kalman-Filter/CarND-Extended-Kalman-Filter-Project/ide_profiles/xcode";
				USE_HEADERMAP = NO;
				WARNING_CFLAGS = ("-Wmost","-Wno-four-char-constants","-Wno-unknown-pragmas","$(inherited)");
			};
			name = Release;
		};
		8A8BA969B08541E5813B50DB /* MinSizeRel */ = {
			isa = XCBuildConfiguration;
			buildSettings = {
				ONLY_ACTIVE_ARCH = YES;
				SDKROOT = /Applications/Xcode.app/Contents/Developer/Platforms/MacOSX.platform/Developer/SDKs/MacOSX10.12.sdk;
				SYMROOT = "/Users/KrazyK/Documents/Udacity/CarND-Extended-Kalman-Filter/CarND-Extended-Kalman-Filter-Project/ide_profiles/xcode/build";
			};
			name = MinSizeRel;
		};
		8B0A51CD7EBF49BFA8809BC1 /* Release */ = {
			isa = XCBuildConfiguration;
			buildSettings = {
				ONLY_ACTIVE_ARCH = YES;
				SDKROOT = /Applications/Xcode.app/Contents/Developer/Platforms/MacOSX.platform/Developer/SDKs/MacOSX10.12.sdk;
				SYMROOT = "/Users/KrazyK/Documents/Udacity/CarND-Extended-Kalman-Filter/CarND-Extended-Kalman-Filter-Project/ide_profiles/xcode/build";
			};
			name = Release;
		};
		9D80CB5B125F4EF8971CBEE2 /* Debug */ = {
			isa = XCBuildConfiguration;
			buildSettings = {
				COMBINE_HIDPI_IMAGES = YES;
				GCC_GENERATE_DEBUGGING_SYMBOLS = YES;
				GCC_INLINES_ARE_PRIVATE_EXTERN = NO;
				GCC_OPTIMIZATION_LEVEL = 0;
				GCC_PREPROCESSOR_DEFINITIONS = ("'CMAKE_INTDIR=\"$(CONFIGURATION)$(EFFECTIVE_PLATFORM_NAME)\"'");
				GCC_SYMBOLS_PRIVATE_EXTERN = NO;
				HEADER_SEARCH_PATHS = (/usr/local/include,/usr/local/opt/openssl/include);
				INSTALL_PATH = "";
				OTHER_LDFLAGS = " ";
				OTHER_REZFLAGS = "";
				PRODUCT_NAME = ZERO_CHECK;
				SECTORDER_FLAGS = "";
				SYMROOT = "/Users/KrazyK/Documents/Udacity/CarND-Extended-Kalman-Filter/CarND-Extended-Kalman-Filter-Project/ide_profiles/xcode";
				USE_HEADERMAP = NO;
				WARNING_CFLAGS = ("-Wmost","-Wno-four-char-constants","-Wno-unknown-pragmas","$(inherited)");
			};
			name = Debug;
		};
		A625D1BA08A44D45B13451AD /* Debug */ = {
			isa = XCBuildConfiguration;
			buildSettings = {
				COMBINE_HIDPI_IMAGES = YES;
				GCC_GENERATE_DEBUGGING_SYMBOLS = YES;
				GCC_INLINES_ARE_PRIVATE_EXTERN = NO;
				GCC_OPTIMIZATION_LEVEL = 0;
				GCC_PREPROCESSOR_DEFINITIONS = ("'CMAKE_INTDIR=\"$(CONFIGURATION)$(EFFECTIVE_PLATFORM_NAME)\"'");
				GCC_SYMBOLS_PRIVATE_EXTERN = NO;
				HEADER_SEARCH_PATHS = (/usr/local/include,/usr/local/opt/openssl/include);
				INSTALL_PATH = "";
				OTHER_LDFLAGS = " ";
				OTHER_REZFLAGS = "";
				PRODUCT_NAME = ALL_BUILD;
				SECTORDER_FLAGS = "";
				SYMROOT = "/Users/KrazyK/Documents/Udacity/CarND-Extended-Kalman-Filter/CarND-Extended-Kalman-Filter-Project/ide_profiles/xcode";
				USE_HEADERMAP = NO;
				WARNING_CFLAGS = ("-Wmost","-Wno-four-char-constants","-Wno-unknown-pragmas","$(inherited)");
			};
			name = Debug;
		};
		BD2BFF024FE94FCA8C790F96 /* Debug */ = {
			isa = XCBuildConfiguration;
			buildSettings = {
				COMBINE_HIDPI_IMAGES = YES;
				EXECUTABLE_PREFIX = "";
				EXECUTABLE_SUFFIX = "";
				GCC_GENERATE_DEBUGGING_SYMBOLS = YES;
				GCC_INLINES_ARE_PRIVATE_EXTERN = NO;
				GCC_OPTIMIZATION_LEVEL = 0;
				GCC_PREPROCESSOR_DEFINITIONS = ("'CMAKE_INTDIR=\"$(CONFIGURATION)$(EFFECTIVE_PLATFORM_NAME)\"'");
				GCC_SYMBOLS_PRIVATE_EXTERN = NO;
				HEADER_SEARCH_PATHS = (/usr/local/include,/usr/local/opt/openssl/include);
				INSTALL_PATH = "";
				LD_RUNPATH_SEARCH_PATHS = "/usr/local/lib /usr/local/opt/openssl/lib /usr/local/Cellar/libuv/1.11.0/lib";
				LIBRARY_SEARCH_PATHS = " /usr/local/lib/$(CONFIGURATION)$(EFFECTIVE_PLATFORM_NAME) /usr/local/lib /usr/local/opt/openssl/lib/$(CONFIGURATION)$(EFFECTIVE_PLATFORM_NAME) /usr/local/opt/openssl/lib /usr/local/Cellar/libuv/1.11.0/lib/$(CONFIGURATION)$(EFFECTIVE_PLATFORM_NAME) /usr/local/Cellar/libuv/1.11.0/lib";
				OTHER_CPLUSPLUSFLAGS = "   -I/usr/local/include -I/usr/local/opt/openssl/include    -std=c++11";
				OTHER_LDFLAGS = " -Wl,-search_paths_first -Wl,-headerpad_max_install_names  -lz -lssl -luv -luWS";
				OTHER_REZFLAGS = "";
				PRODUCT_NAME = ExtendedKF;
				SECTORDER_FLAGS = "";
				SYMROOT = "/Users/KrazyK/Documents/Udacity/CarND-Extended-Kalman-Filter/CarND-Extended-Kalman-Filter-Project/ide_profiles/xcode";
				USE_HEADERMAP = NO;
				WARNING_CFLAGS = ("-Wmost","-Wno-four-char-constants","-Wno-unknown-pragmas","$(inherited)");
			};
			name = Debug;
		};
		C384B89438014A50A819D475 /* RelWithDebInfo */ = {
			isa = XCBuildConfiguration;
			buildSettings = {
				COMBINE_HIDPI_IMAGES = YES;
				GCC_GENERATE_DEBUGGING_SYMBOLS = YES;
				GCC_INLINES_ARE_PRIVATE_EXTERN = NO;
				GCC_OPTIMIZATION_LEVEL = 0;
				GCC_PREPROCESSOR_DEFINITIONS = ("'CMAKE_INTDIR=\"$(CONFIGURATION)$(EFFECTIVE_PLATFORM_NAME)\"'");
				GCC_SYMBOLS_PRIVATE_EXTERN = NO;
				HEADER_SEARCH_PATHS = (/usr/local/include,/usr/local/opt/openssl/include);
				INSTALL_PATH = "";
				OTHER_LDFLAGS = " ";
				OTHER_REZFLAGS = "";
				PRODUCT_NAME = ALL_BUILD;
				SECTORDER_FLAGS = "";
				SYMROOT = "/Users/KrazyK/Documents/Udacity/CarND-Extended-Kalman-Filter/CarND-Extended-Kalman-Filter-Project/ide_profiles/xcode";
				USE_HEADERMAP = NO;
				WARNING_CFLAGS = ("-Wmost","-Wno-four-char-constants","-Wno-unknown-pragmas","$(inherited)");
			};
			name = RelWithDebInfo;
		};
		D02E4F0EA7B64AEB8C95434E /* RelWithDebInfo */ = {
			isa = XCBuildConfiguration;
			buildSettings = {
				ONLY_ACTIVE_ARCH = YES;
				SDKROOT = /Applications/Xcode.app/Contents/Developer/Platforms/MacOSX.platform/Developer/SDKs/MacOSX10.12.sdk;
				SYMROOT = "/Users/KrazyK/Documents/Udacity/CarND-Extended-Kalman-Filter/CarND-Extended-Kalman-Filter-Project/ide_profiles/xcode/build";
			};
			name = RelWithDebInfo;
		};
		FCCDE9B9FC434CE98B870F5C /* MinSizeRel */ = {
			isa = XCBuildConfiguration;
			buildSettings = {
				COMBINE_HIDPI_IMAGES = YES;
				GCC_GENERATE_DEBUGGING_SYMBOLS = YES;
				GCC_INLINES_ARE_PRIVATE_EXTERN = NO;
				GCC_OPTIMIZATION_LEVEL = 0;
				GCC_PREPROCESSOR_DEFINITIONS = ("'CMAKE_INTDIR=\"$(CONFIGURATION)$(EFFECTIVE_PLATFORM_NAME)\"'");
				GCC_SYMBOLS_PRIVATE_EXTERN = NO;
				HEADER_SEARCH_PATHS = (/usr/local/include,/usr/local/opt/openssl/include);
				INSTALL_PATH = "";
				OTHER_LDFLAGS = " ";
				OTHER_REZFLAGS = "";
				PRODUCT_NAME = ZERO_CHECK;
				SECTORDER_FLAGS = "";
				SYMROOT = "/Users/KrazyK/Documents/Udacity/CarND-Extended-Kalman-Filter/CarND-Extended-Kalman-Filter-Project/ide_profiles/xcode";
				USE_HEADERMAP = NO;
				WARNING_CFLAGS = ("-Wmost","-Wno-four-char-constants","-Wno-unknown-pragmas","$(inherited)");
			};
			name = MinSizeRel;
		};
		FF27A784DC774452BD28D59D /* Debug */ = {
			isa = XCBuildConfiguration;
			buildSettings = {
				ONLY_ACTIVE_ARCH = YES;
				SDKROOT = /Applications/Xcode.app/Contents/Developer/Platforms/MacOSX.platform/Developer/SDKs/MacOSX10.12.sdk;
				SYMROOT = "/Users/KrazyK/Documents/Udacity/CarND-Extended-Kalman-Filter/CarND-Extended-Kalman-Filter-Project/ide_profiles/xcode/build";
			};
			name = Debug;
		};
/* End XCBuildConfiguration section */

/* Begin XCConfigurationList section */
		029CE6C067FA41AFB8018CAE /* Build configuration list for PBXNativeTarget "ExtendedKF" */ = {
			isa = XCConfigurationList;
			buildConfigurations = (
				BD2BFF024FE94FCA8C790F96 /* Debug */,
				0FC89DC46E4947E18BBCFADB /* Release */,
				1F54E0CD678846FF85A869C6 /* MinSizeRel */,
				3C0D57AE0E8E41A7B73D159A /* RelWithDebInfo */,
			);
			defaultConfigurationIsVisible = 0;
			defaultConfigurationName = Debug;
		};
		17926E4EDF8B413B8531E2DA /* Build configuration list for PBXAggregateTarget "ZERO_CHECK" */ = {
			isa = XCConfigurationList;
			buildConfigurations = (
				9D80CB5B125F4EF8971CBEE2 /* Debug */,
				24F0F0140542479FBBE409EC /* Release */,
				FCCDE9B9FC434CE98B870F5C /* MinSizeRel */,
				51B509C83B6B462A8ED0B3EF /* RelWithDebInfo */,
			);
			defaultConfigurationIsVisible = 0;
			defaultConfigurationName = Debug;
		};
		3585B644BA4D4ECD98B1C8F3 /* Build configuration list for PBXAggregateTarget "ALL_BUILD" */ = {
			isa = XCConfigurationList;
			buildConfigurations = (
				A625D1BA08A44D45B13451AD /* Debug */,
				771E017903F545C797512950 /* Release */,
				379CEE1F03004F94A2601AB1 /* MinSizeRel */,
				C384B89438014A50A819D475 /* RelWithDebInfo */,
			);
			defaultConfigurationIsVisible = 0;
			defaultConfigurationName = Debug;
		};
		6AC7F3EFBB69451EAF1B38A0 /* Build configuration list for PBXProject "ExtendedKF" */ = {
			isa = XCConfigurationList;
			buildConfigurations = (
				FF27A784DC774452BD28D59D /* Debug */,
				8B0A51CD7EBF49BFA8809BC1 /* Release */,
				8A8BA969B08541E5813B50DB /* MinSizeRel */,
				D02E4F0EA7B64AEB8C95434E /* RelWithDebInfo */,
			);
			defaultConfigurationIsVisible = 0;
			defaultConfigurationName = Debug;
		};
/* End XCConfigurationList section */
	};
	rootObject = 8F32B80BA2D04A49BCE1046F /* Project object */;
}
